<Solution>
  <Project Path="ExaminationSystem.Api/ExaminationSystem.Api.csproj" Id="e02db166-bf0c-42f9-87cd-21669880563e" />
  <Project Path="ExaminationSystem.Domain/ExaminationSystem.Domain.csproj" Id="8e0af16a-56a6-4108-996d-9a54b584486b" />
  <Project Path="ExaminationSystem.Infrastructure/ExaminationSystem.Infrastructure.csproj" Id="c2ab9c1c-f4ff-4d5a-8235-bc2dd3289cd2" />
</Solution>
